
Microsoft Visual Studio Solution File, Format Version 12.00
# Visual Studio Version 17
VisualStudioVersion = 17.0.31903.59
MinimumVisualStudioVersion = 10.0.40219.1
Project("{FAE04EC0-301F-11D3-BF4B-00C04F79EFBC}") = "prog_1", "prog_1\prog_1.csproj", "{2689C77D-2E5F-4B39-AF0C-D881BF286E40}"
EndProject
Project("{FAE04EC0-301F-11D3-BF4B-00C04F79EFBC}") = "prog_2", "prog_2\prog_2.csproj", "{61B79B29-8EAD-49D1-8005-EB605ABCA851}"
EndProject
Project("{FAE04EC0-301F-11D3-BF4B-00C04F79EFBC}") = "prog_3", "prog_3\prog_3.csproj", "{55A21EBF-679C-467F-82FA-ABE5707D82E2}"
EndProject
Project("{FAE04EC0-301F-11D3-BF4B-00C04F79EFBC}") = "prog_4", "prog_4\prog_4.csproj", "{27287899-FAD5-49AD-8705-C8FAF669E1EB}"
EndProject
Global
	GlobalSection(SolutionConfigurationPlatforms) = preSolution
		Debug|Any CPU = Debug|Any CPU
		Debug|x64 = Debug|x64
		Debug|x86 = Debug|x86
		Release|Any CPU = Release|Any CPU
		Release|x64 = Release|x64
		Release|x86 = Release|x86
	EndGlobalSection
	GlobalSection(ProjectConfigurationPlatforms) = postSolution
		{2689C77D-2E5F-4B39-AF0C-D881BF286E40}.Debug|Any CPU.ActiveCfg = Debug|Any CPU
		{2689C77D-2E5F-4B39-AF0C-D881BF286E40}.Debug|Any CPU.Build.0 = Debug|Any CPU
		{2689C77D-2E5F-4B39-AF0C-D881BF286E40}.Debug|x64.ActiveCfg = Debug|Any CPU
		{2689C77D-2E5F-4B39-AF0C-D881BF286E40}.Debug|x64.Build.0 = Debug|Any CPU
		{2689C77D-2E5F-4B39-AF0C-D881BF286E40}.Debug|x86.ActiveCfg = Debug|Any CPU
		{2689C77D-2E5F-4B39-AF0C-D881BF286E40}.Debug|x86.Build.0 = Debug|Any CPU
		{2689C77D-2E5F-4B39-AF0C-D881BF286E40}.Release|Any CPU.ActiveCfg = Release|Any CPU
		{2689C77D-2E5F-4B39-AF0C-D881BF286E40}.Release|Any CPU.Build.0 = Release|Any CPU
		{2689C77D-2E5F-4B39-AF0C-D881BF286E40}.Release|x64.ActiveCfg = Release|Any CPU
		{2689C77D-2E5F-4B39-AF0C-D881BF286E40}.Release|x64.Build.0 = Release|Any CPU
		{2689C77D-2E5F-4B39-AF0C-D881BF286E40}.Release|x86.ActiveCfg = Release|Any CPU
		{2689C77D-2E5F-4B39-AF0C-D881BF286E40}.Release|x86.Build.0 = Release|Any CPU
		{61B79B29-8EAD-49D1-8005-EB605ABCA851}.Debug|Any CPU.ActiveCfg = Debug|Any CPU
		{61B79B29-8EAD-49D1-8005-EB605ABCA851}.Debug|Any CPU.Build.0 = Debug|Any CPU
		{61B79B29-8EAD-49D1-8005-EB605ABCA851}.Debug|x64.ActiveCfg = Debug|Any CPU
		{61B79B29-8EAD-49D1-8005-EB605ABCA851}.Debug|x64.Build.0 = Debug|Any CPU
		{61B79B29-8EAD-49D1-8005-EB605ABCA851}.Debug|x86.ActiveCfg = Debug|Any CPU
		{61B79B29-8EAD-49D1-8005-EB605ABCA851}.Debug|x86.Build.0 = Debug|Any CPU
		{61B79B29-8EAD-49D1-8005-EB605ABCA851}.Release|Any CPU.ActiveCfg = Release|Any CPU
		{61B79B29-8EAD-49D1-8005-EB605ABCA851}.Release|Any CPU.Build.0 = Release|Any CPU
		{61B79B29-8EAD-49D1-8005-EB605ABCA851}.Release|x64.ActiveCfg = Release|Any CPU
		{61B79B29-8EAD-49D1-8005-EB605ABCA851}.Release|x64.Build.0 = Release|Any CPU
		{61B79B29-8EAD-49D1-8005-EB605ABCA851}.Release|x86.ActiveCfg = Release|Any CPU
		{61B79B29-8EAD-49D1-8005-EB605ABCA851}.Release|x86.Build.0 = Release|Any CPU
		{55A21EBF-679C-467F-82FA-ABE5707D82E2}.Debug|Any CPU.ActiveCfg = Debug|Any CPU
		{55A21EBF-679C-467F-82FA-ABE5707D82E2}.Debug|Any CPU.Build.0 = Debug|Any CPU
		{55A21EBF-679C-467F-82FA-ABE5707D82E2}.Debug|x64.ActiveCfg = Debug|Any CPU
		{55A21EBF-679C-467F-82FA-ABE5707D82E2}.Debug|x64.Build.0 = Debug|Any CPU
		{55A21EBF-679C-467F-82FA-ABE5707D82E2}.Debug|x86.ActiveCfg = Debug|Any CPU
		{55A21EBF-679C-467F-82FA-ABE5707D82E2}.Debug|x86.Build.0 = Debug|Any CPU
		{55A21EBF-679C-467F-82FA-ABE5707D82E2}.Release|Any CPU.ActiveCfg = Release|Any CPU
		{55A21EBF-679C-467F-82FA-ABE5707D82E2}.Release|Any CPU.Build.0 = Release|Any CPU
		{55A21EBF-679C-467F-82FA-ABE5707D82E2}.Release|x64.ActiveCfg = Release|Any CPU
		{55A21EBF-679C-467F-82FA-ABE5707D82E2}.Release|x64.Build.0 = Release|Any CPU
		{55A21EBF-679C-467F-82FA-ABE5707D82E2}.Release|x86.ActiveCfg = Release|Any CPU
		{55A21EBF-679C-467F-82FA-ABE5707D82E2}.Release|x86.Build.0 = Release|Any CPU
		{27287899-FAD5-49AD-8705-C8FAF669E1EB}.Debug|Any CPU.ActiveCfg = Debug|Any CPU
		{27287899-FAD5-49AD-8705-C8FAF669E1EB}.Debug|Any CPU.Build.0 = Debug|Any CPU
		{27287899-FAD5-49AD-8705-C8FAF669E1EB}.Debug|x64.ActiveCfg = Debug|Any CPU
		{27287899-FAD5-49AD-8705-C8FAF669E1EB}.Debug|x64.Build.0 = Debug|Any CPU
		{27287899-FAD5-49AD-8705-C8FAF669E1EB}.Debug|x86.ActiveCfg = Debug|Any CPU
		{27287899-FAD5-49AD-8705-C8FAF669E1EB}.Debug|x86.Build.0 = Debug|Any CPU
		{27287899-FAD5-49AD-8705-C8FAF669E1EB}.Release|Any CPU.ActiveCfg = Release|Any CPU
		{27287899-FAD5-49AD-8705-C8FAF669E1EB}.Release|Any CPU.Build.0 = Release|Any CPU
		{27287899-FAD5-49AD-8705-C8FAF669E1EB}.Release|x64.ActiveCfg = Release|Any CPU
		{27287899-FAD5-49AD-8705-C8FAF669E1EB}.Release|x64.Build.0 = Release|Any CPU
		{27287899-FAD5-49AD-8705-C8FAF669E1EB}.Release|x86.ActiveCfg = Release|Any CPU
		{27287899-FAD5-49AD-8705-C8FAF669E1EB}.Release|x86.Build.0 = Release|Any CPU
	EndGlobalSection
	GlobalSection(SolutionProperties) = preSolution
		HideSolutionNode = FALSE
	EndGlobalSection
EndGlobal
