
Microsoft Visual Studio Solution File, Format Version 12.00
# Visual Studio Version 17
VisualStudioVersion = 17.5.2.0
MinimumVisualStudioVersion = 10.0.40219.1
Project("{FAE04EC0-301F-11D3-BF4B-00C04F79EFBC}") = "prog_1", "prog_1\prog_1.csproj", "{EF8199E2-8ED8-45A2-4BCE-227F2F594207}"
EndProject
Project("{FAE04EC0-301F-11D3-BF4B-00C04F79EFBC}") = "prog_2", "prog_2\prog_2.csproj", "{E85AF421-5DE4-4DF3-910B-6A065F08BB5A}"
EndProject
Project("{FAE04EC0-301F-11D3-BF4B-00C04F79EFBC}") = "prog_3", "prog_3\prog_3.csproj", "{4ECC477F-B06D-460F-B2CD-34F994FF468D}"
EndProject
Global
	GlobalSection(SolutionConfigurationPlatforms) = preSolution
		Debug|Any CPU = Debug|Any CPU
		Debug|x64 = Debug|x64
		Debug|x86 = Debug|x86
		Release|Any CPU = Release|Any CPU
		Release|x64 = Release|x64
		Release|x86 = Release|x86
	EndGlobalSection
	GlobalSection(ProjectConfigurationPlatforms) = postSolution
		{EF8199E2-8ED8-45A2-4BCE-227F2F594207}.Debug|Any CPU.ActiveCfg = Debug|Any CPU
		{EF8199E2-8ED8-45A2-4BCE-227F2F594207}.Debug|Any CPU.Build.0 = Debug|Any CPU
		{EF8199E2-8ED8-45A2-4BCE-227F2F594207}.Debug|x64.ActiveCfg = Debug|Any CPU
		{EF8199E2-8ED8-45A2-4BCE-227F2F594207}.Debug|x64.Build.0 = Debug|Any CPU
		{EF8199E2-8ED8-45A2-4BCE-227F2F594207}.Debug|x86.ActiveCfg = Debug|Any CPU
		{EF8199E2-8ED8-45A2-4BCE-227F2F594207}.Debug|x86.Build.0 = Debug|Any CPU
		{EF8199E2-8ED8-45A2-4BCE-227F2F594207}.Release|Any CPU.ActiveCfg = Release|Any CPU
		{EF8199E2-8ED8-45A2-4BCE-227F2F594207}.Release|Any CPU.Build.0 = Release|Any CPU
		{EF8199E2-8ED8-45A2-4BCE-227F2F594207}.Release|x64.ActiveCfg = Release|Any CPU
		{EF8199E2-8ED8-45A2-4BCE-227F2F594207}.Release|x64.Build.0 = Release|Any CPU
		{EF8199E2-8ED8-45A2-4BCE-227F2F594207}.Release|x86.ActiveCfg = Release|Any CPU
		{EF8199E2-8ED8-45A2-4BCE-227F2F594207}.Release|x86.Build.0 = Release|Any CPU
		{E85AF421-5DE4-4DF3-910B-6A065F08BB5A}.Debug|Any CPU.ActiveCfg = Debug|Any CPU
		{E85AF421-5DE4-4DF3-910B-6A065F08BB5A}.Debug|Any CPU.Build.0 = Debug|Any CPU
		{E85AF421-5DE4-4DF3-910B-6A065F08BB5A}.Debug|x64.ActiveCfg = Debug|Any CPU
		{E85AF421-5DE4-4DF3-910B-6A065F08BB5A}.Debug|x64.Build.0 = Debug|Any CPU
		{E85AF421-5DE4-4DF3-910B-6A065F08BB5A}.Debug|x86.ActiveCfg = Debug|Any CPU
		{E85AF421-5DE4-4DF3-910B-6A065F08BB5A}.Debug|x86.Build.0 = Debug|Any CPU
		{E85AF421-5DE4-4DF3-910B-6A065F08BB5A}.Release|Any CPU.ActiveCfg = Release|Any CPU
		{E85AF421-5DE4-4DF3-910B-6A065F08BB5A}.Release|Any CPU.Build.0 = Release|Any CPU
		{E85AF421-5DE4-4DF3-910B-6A065F08BB5A}.Release|x64.ActiveCfg = Release|Any CPU
		{E85AF421-5DE4-4DF3-910B-6A065F08BB5A}.Release|x64.Build.0 = Release|Any CPU
		{E85AF421-5DE4-4DF3-910B-6A065F08BB5A}.Release|x86.ActiveCfg = Release|Any CPU
		{E85AF421-5DE4-4DF3-910B-6A065F08BB5A}.Release|x86.Build.0 = Release|Any CPU
		{4ECC477F-B06D-460F-B2CD-34F994FF468D}.Debug|Any CPU.ActiveCfg = Debug|Any CPU
		{4ECC477F-B06D-460F-B2CD-34F994FF468D}.Debug|Any CPU.Build.0 = Debug|Any CPU
		{4ECC477F-B06D-460F-B2CD-34F994FF468D}.Debug|x64.ActiveCfg = Debug|Any CPU
		{4ECC477F-B06D-460F-B2CD-34F994FF468D}.Debug|x64.Build.0 = Debug|Any CPU
		{4ECC477F-B06D-460F-B2CD-34F994FF468D}.Debug|x86.ActiveCfg = Debug|Any CPU
		{4ECC477F-B06D-460F-B2CD-34F994FF468D}.Debug|x86.Build.0 = Debug|Any CPU
		{4ECC477F-B06D-460F-B2CD-34F994FF468D}.Release|Any CPU.ActiveCfg = Release|Any CPU
		{4ECC477F-B06D-460F-B2CD-34F994FF468D}.Release|Any CPU.Build.0 = Release|Any CPU
		{4ECC477F-B06D-460F-B2CD-34F994FF468D}.Release|x64.ActiveCfg = Release|Any CPU
		{4ECC477F-B06D-460F-B2CD-34F994FF468D}.Release|x64.Build.0 = Release|Any CPU
		{4ECC477F-B06D-460F-B2CD-34F994FF468D}.Release|x86.ActiveCfg = Release|Any CPU
		{4ECC477F-B06D-460F-B2CD-34F994FF468D}.Release|x86.Build.0 = Release|Any CPU
	EndGlobalSection
	GlobalSection(SolutionProperties) = preSolution
		HideSolutionNode = FALSE
	EndGlobalSection
	GlobalSection(ExtensibilityGlobals) = postSolution
		SolutionGuid = {B036E7C6-836E-4F73-B9E2-B13403CB3476}
	EndGlobalSection
EndGlobal
